
Microsoft Visual Studio Solution File, Format Version 12.00
# Visual Studio Version 16
VisualStudioVersion = 16.0.31410.357
MinimumVisualStudioVersion = 10.0.40219.1
Project("{FAE04EC0-301F-11D3-BF4B-00C04F79EFBC}") = "DesktopClock", "DesktopClock\DesktopClock.csproj", "{AF416F8E-A5A1-4A61-9427-0C73D2E9F130}"
EndProject
Global
	GlobalSection(SolutionConfigurationPlatforms) = preSolution
		Debug|Any CPU = Debug|Any CPU
		Release|Any CPU = Release|Any CPU
	EndGlobalSection
	GlobalSection(ProjectConfigurationPlatforms) = postSolution
		{AF416F8E-A5A1-4A61-9427-0C73D2E9F130}.Debug|Any CPU.ActiveCfg = Debug|Any CPU
		{AF416F8E-A5A1-4A61-9427-0C73D2E9F130}.Debug|Any CPU.Build.0 = Debug|Any CPU
		{AF416F8E-A5A1-4A61-9427-0C73D2E9F130}.Release|Any CPU.ActiveCfg = Release|Any CPU
		{AF416F8E-A5A1-4A61-9427-0C73D2E9F130}.Release|Any CPU.Build.0 = Release|Any CPU
	EndGlobalSection
	GlobalSection(SolutionProperties) = preSolution
		HideSolutionNode = FALSE
	EndGlobalSection
	GlobalSection(ExtensibilityGlobals) = postSolution
		SolutionGuid = {A2422A86-BF7E-4A50-9AA5-E92DD6AC8853}
	EndGlobalSection
EndGlobal
